
Microsoft Visual Studio Solution File, Format Version 12.00
# Visual Studio 2012
Project("{FAE04EC0-301F-11D3-BF4B-00C04F79EFBC}") = "LayersCMS.Data", "Source\LayersCMS.Data\LayersCMS.Data.csproj", "{3725E6F4-F386-4DA7-ACEE-B0A26BAE3780}"
EndProject
Project("{2150E333-8FDC-42A3-9474-1A3956D46DE8}") = "1. CMS", "1. CMS", "{AC161342-A923-4F7C-9E03-3816CE4CD7A3}"
EndProject
Project("{2150E333-8FDC-42A3-9474-1A3956D46DE8}") = "2. Website", "2. Website", "{99A345E3-C144-4561-96E7-9B495B69A455}"
EndProject
Project("{FAE04EC0-301F-11D3-BF4B-00C04F79EFBC}") = "LayersCMS.Util", "Source\LayersCMS.Util\LayersCMS.Util.csproj", "{A5CEE352-0640-40AF-A6F5-14456408098A}"
EndProject
Project("{FAE04EC0-301F-11D3-BF4B-00C04F79EFBC}") = "LayersCMS.MvcApp", "Website\LayersCMS.MvcApp\LayersCMS.MvcApp.csproj", "{502366A6-88E3-47AD-ABE0-8030B45B882A}"
EndProject
Project("{2150E333-8FDC-42A3-9474-1A3956D46DE8}") = "1.1 Common", "1.1 Common", "{28C1A60D-9B0D-44B6-834B-32E29F5A7CAA}"
EndProject
Project("{2150E333-8FDC-42A3-9474-1A3956D46DE8}") = "1.2 Layers", "1.2 Layers", "{E51471A5-759E-466B-83B5-54630826258D}"
EndProject
Project("{2150E333-8FDC-42A3-9474-1A3956D46DE8}") = "1.3 Web", "1.3 Web", "{CE18028D-ADE5-426E-9606-B9B6FBCADFA3}"
EndProject
Project("{FAE04EC0-301F-11D3-BF4B-00C04F79EFBC}") = "LayersCMS.Layers.Core", "Source\LayersCMS.Layers.Core\LayersCMS.Layers.Core.csproj", "{DDCCEE05-9CC5-4F59-A65C-62175CE3734A}"
EndProject
Project("{FAE04EC0-301F-11D3-BF4B-00C04F79EFBC}") = "LayersCMS.Layers.Standard", "Source\LayersCMS.Layers.Standard\LayersCMS.Layers.Standard.csproj", "{DC8D7437-0606-423C-AB81-BA93463EEC3A}"
EndProject
Project("{FAE04EC0-301F-11D3-BF4B-00C04F79EFBC}") = "LayersCMS.Web", "Source\LayersCMS.Web\LayersCMS.Web.csproj", "{5296C2E1-99CE-486A-A75F-6F468F24868A}"
EndProject
Global
	GlobalSection(SolutionConfigurationPlatforms) = preSolution
		Debug|Any CPU = Debug|Any CPU
		Release|Any CPU = Release|Any CPU
	EndGlobalSection
	GlobalSection(ProjectConfigurationPlatforms) = postSolution
		{3725E6F4-F386-4DA7-ACEE-B0A26BAE3780}.Debug|Any CPU.ActiveCfg = Debug|Any CPU
		{3725E6F4-F386-4DA7-ACEE-B0A26BAE3780}.Debug|Any CPU.Build.0 = Debug|Any CPU
		{3725E6F4-F386-4DA7-ACEE-B0A26BAE3780}.Release|Any CPU.ActiveCfg = Release|Any CPU
		{3725E6F4-F386-4DA7-ACEE-B0A26BAE3780}.Release|Any CPU.Build.0 = Release|Any CPU
		{A5CEE352-0640-40AF-A6F5-14456408098A}.Debug|Any CPU.ActiveCfg = Debug|Any CPU
		{A5CEE352-0640-40AF-A6F5-14456408098A}.Debug|Any CPU.Build.0 = Debug|Any CPU
		{A5CEE352-0640-40AF-A6F5-14456408098A}.Release|Any CPU.ActiveCfg = Release|Any CPU
		{A5CEE352-0640-40AF-A6F5-14456408098A}.Release|Any CPU.Build.0 = Release|Any CPU
		{502366A6-88E3-47AD-ABE0-8030B45B882A}.Debug|Any CPU.ActiveCfg = Debug|Any CPU
		{502366A6-88E3-47AD-ABE0-8030B45B882A}.Debug|Any CPU.Build.0 = Debug|Any CPU
		{502366A6-88E3-47AD-ABE0-8030B45B882A}.Release|Any CPU.ActiveCfg = Release|Any CPU
		{502366A6-88E3-47AD-ABE0-8030B45B882A}.Release|Any CPU.Build.0 = Release|Any CPU
		{DDCCEE05-9CC5-4F59-A65C-62175CE3734A}.Debug|Any CPU.ActiveCfg = Debug|Any CPU
		{DDCCEE05-9CC5-4F59-A65C-62175CE3734A}.Debug|Any CPU.Build.0 = Debug|Any CPU
		{DDCCEE05-9CC5-4F59-A65C-62175CE3734A}.Release|Any CPU.ActiveCfg = Release|Any CPU
		{DDCCEE05-9CC5-4F59-A65C-62175CE3734A}.Release|Any CPU.Build.0 = Release|Any CPU
		{DC8D7437-0606-423C-AB81-BA93463EEC3A}.Debug|Any CPU.ActiveCfg = Debug|Any CPU
		{DC8D7437-0606-423C-AB81-BA93463EEC3A}.Debug|Any CPU.Build.0 = Debug|Any CPU
		{DC8D7437-0606-423C-AB81-BA93463EEC3A}.Release|Any CPU.ActiveCfg = Release|Any CPU
		{DC8D7437-0606-423C-AB81-BA93463EEC3A}.Release|Any CPU.Build.0 = Release|Any CPU
		{5296C2E1-99CE-486A-A75F-6F468F24868A}.Debug|Any CPU.ActiveCfg = Debug|Any CPU
		{5296C2E1-99CE-486A-A75F-6F468F24868A}.Debug|Any CPU.Build.0 = Debug|Any CPU
		{5296C2E1-99CE-486A-A75F-6F468F24868A}.Release|Any CPU.ActiveCfg = Release|Any CPU
		{5296C2E1-99CE-486A-A75F-6F468F24868A}.Release|Any CPU.Build.0 = Release|Any CPU
	EndGlobalSection
	GlobalSection(SolutionProperties) = preSolution
		HideSolutionNode = FALSE
	EndGlobalSection
	GlobalSection(NestedProjects) = preSolution
		{28C1A60D-9B0D-44B6-834B-32E29F5A7CAA} = {AC161342-A923-4F7C-9E03-3816CE4CD7A3}
		{E51471A5-759E-466B-83B5-54630826258D} = {AC161342-A923-4F7C-9E03-3816CE4CD7A3}
		{CE18028D-ADE5-426E-9606-B9B6FBCADFA3} = {AC161342-A923-4F7C-9E03-3816CE4CD7A3}
		{502366A6-88E3-47AD-ABE0-8030B45B882A} = {99A345E3-C144-4561-96E7-9B495B69A455}
		{3725E6F4-F386-4DA7-ACEE-B0A26BAE3780} = {28C1A60D-9B0D-44B6-834B-32E29F5A7CAA}
		{A5CEE352-0640-40AF-A6F5-14456408098A} = {28C1A60D-9B0D-44B6-834B-32E29F5A7CAA}
		{DDCCEE05-9CC5-4F59-A65C-62175CE3734A} = {E51471A5-759E-466B-83B5-54630826258D}
		{DC8D7437-0606-423C-AB81-BA93463EEC3A} = {E51471A5-759E-466B-83B5-54630826258D}
		{5296C2E1-99CE-486A-A75F-6F468F24868A} = {CE18028D-ADE5-426E-9606-B9B6FBCADFA3}
	EndGlobalSection
EndGlobal
